
Microsoft Visual Studio Solution File, Format Version 12.00
# Visual Studio 14
VisualStudioVersion = 14.0.25123.0
MinimumVisualStudioVersion = 10.0.40219.1
Project("{FAE04EC0-301F-11D3-BF4B-00C04F79EFBC}") = "BungaBunga", "BungaBunga\BungaBunga.csproj", "{974BB0AD-DFED-41BD-B4A1-29F9D94D38ED}"
EndProject
Global
	GlobalSection(SolutionConfigurationPlatforms) = preSolution
		Debug|Any CPU = Debug|Any CPU
		Release|Any CPU = Release|Any CPU
	EndGlobalSection
	GlobalSection(ProjectConfigurationPlatforms) = postSolution
		{974BB0AD-DFED-41BD-B4A1-29F9D94D38ED}.Debug|Any CPU.ActiveCfg = Debug|Any CPU
		{974BB0AD-DFED-41BD-B4A1-29F9D94D38ED}.Debug|Any CPU.Build.0 = Debug|Any CPU
		{974BB0AD-DFED-41BD-B4A1-29F9D94D38ED}.Release|Any CPU.ActiveCfg = Release|Any CPU
		{974BB0AD-DFED-41BD-B4A1-29F9D94D38ED}.Release|Any CPU.Build.0 = Release|Any CPU
	EndGlobalSection
	GlobalSection(SolutionProperties) = preSolution
		HideSolutionNode = FALSE
	EndGlobalSection
EndGlobal
